# This file is automatically @generated by Cargo.
# It is not intended for manual editing.
# Fixture lock file: the checksum lines are omitted on purpose.
version = 3

[[package]]
name = "rust-cli-fixture"
version = "0.0.0"
dependencies = [
 "dotenvy",
]

[[package]]
name = "dotenvy"
version = "0.15.7"
source = "registry+https://github.com/rust-lang/crates.io-index"
